
Microsoft Visual Studio Solution File, Format Version 12.00
# Visual Studio Version 16
VisualStudioVersion = 16.0.31911.196
MinimumVisualStudioVersion = 10.0.40219.1
Project("{FAE04EC0-301F-11D3-BF4B-00C04F79EFBC}") = "HTTPListenerChyrkaVitalii", "HTTPListenerChyrkaVitalii\HTTPListenerChyrkaVitalii.csproj", "{2445C90E-FF3C-433A-88EC-C528AD0881D6}"
EndProject
Global
	GlobalSection(SolutionConfigurationPlatforms) = preSolution
		Debug|Any CPU = Debug|Any CPU
		Release|Any CPU = Release|Any CPU
	EndGlobalSection
	GlobalSection(ProjectConfigurationPlatforms) = postSolution
		{2445C90E-FF3C-433A-88EC-C528AD0881D6}.Debug|Any CPU.ActiveCfg = Debug|Any CPU
		{2445C90E-FF3C-433A-88EC-C528AD0881D6}.Debug|Any CPU.Build.0 = Debug|Any CPU
		{2445C90E-FF3C-433A-88EC-C528AD0881D6}.Release|Any CPU.ActiveCfg = Release|Any CPU
		{2445C90E-FF3C-433A-88EC-C528AD0881D6}.Release|Any CPU.Build.0 = Release|Any CPU
	EndGlobalSection
	GlobalSection(SolutionProperties) = preSolution
		HideSolutionNode = FALSE
	EndGlobalSection
	GlobalSection(ExtensibilityGlobals) = postSolution
		SolutionGuid = {6859A10F-770A-4102-AA8A-2F84864A2F8A}
	EndGlobalSection
EndGlobal
